
Microsoft Visual Studio Solution File, Format Version 12.00
# Visual Studio Version 16
VisualStudioVersion = 16.0.32510.428
MinimumVisualStudioVersion = 10.0.40219.1
Project("{FAE04EC0-301F-11D3-BF4B-00C04F79EFBC}") = "MimicAPI", "MimicAPI\MimicAPI.csproj", "{BCF8724C-CF15-477F-B0B8-F2AED4025A99}"
EndProject
Global
	GlobalSection(SolutionConfigurationPlatforms) = preSolution
		Debug|Any CPU = Debug|Any CPU
		Release|Any CPU = Release|Any CPU
	EndGlobalSection
	GlobalSection(ProjectConfigurationPlatforms) = postSolution
		{BCF8724C-CF15-477F-B0B8-F2AED4025A99}.Debug|Any CPU.ActiveCfg = Debug|Any CPU
		{BCF8724C-CF15-477F-B0B8-F2AED4025A99}.Debug|Any CPU.Build.0 = Debug|Any CPU
		{BCF8724C-CF15-477F-B0B8-F2AED4025A99}.Release|Any CPU.ActiveCfg = Release|Any CPU
		{BCF8724C-CF15-477F-B0B8-F2AED4025A99}.Release|Any CPU.Build.0 = Release|Any CPU
	EndGlobalSection
	GlobalSection(SolutionProperties) = preSolution
		HideSolutionNode = FALSE
	EndGlobalSection
	GlobalSection(ExtensibilityGlobals) = postSolution
		SolutionGuid = {518A0EAE-4091-4432-9BF8-30BB3A5B1377}
	EndGlobalSection
EndGlobal
